
Microsoft Visual Studio Solution File, Format Version 12.00
# Visual Studio 2013
VisualStudioVersion = 12.0.21005.1
MinimumVisualStudioVersion = 10.0.40219.1
Project("{FAE04EC0-301F-11D3-BF4B-00C04F79EFBC}") = "1.LaptopShop", "LaptopShop\1.LaptopShop.csproj", "{CA51EACD-2A91-4472-A058-70A1F3125AFC}"
EndProject
Project("{FAE04EC0-301F-11D3-BF4B-00C04F79EFBC}") = "1.LaptopShop.Tests", "LaptopShop.Tests\1.LaptopShop.Tests.csproj", "{012586D0-49E5-4F4B-8904-35D53E261526}"
EndProject
Global
	GlobalSection(SolutionConfigurationPlatforms) = preSolution
		Debug|Any CPU = Debug|Any CPU
		Release|Any CPU = Release|Any CPU
	EndGlobalSection
	GlobalSection(ProjectConfigurationPlatforms) = postSolution
		{CA51EACD-2A91-4472-A058-70A1F3125AFC}.Debug|Any CPU.ActiveCfg = Debug|Any CPU
		{CA51EACD-2A91-4472-A058-70A1F3125AFC}.Debug|Any CPU.Build.0 = Debug|Any CPU
		{CA51EACD-2A91-4472-A058-70A1F3125AFC}.Release|Any CPU.ActiveCfg = Release|Any CPU
		{CA51EACD-2A91-4472-A058-70A1F3125AFC}.Release|Any CPU.Build.0 = Release|Any CPU
		{012586D0-49E5-4F4B-8904-35D53E261526}.Debug|Any CPU.ActiveCfg = Debug|Any CPU
		{012586D0-49E5-4F4B-8904-35D53E261526}.Debug|Any CPU.Build.0 = Debug|Any CPU
		{012586D0-49E5-4F4B-8904-35D53E261526}.Release|Any CPU.ActiveCfg = Release|Any CPU
		{012586D0-49E5-4F4B-8904-35D53E261526}.Release|Any CPU.Build.0 = Release|Any CPU
	EndGlobalSection
	GlobalSection(SolutionProperties) = preSolution
		HideSolutionNode = FALSE
	EndGlobalSection
EndGlobal
