
Microsoft Visual Studio Solution File, Format Version 12.00
# Visual Studio 2013
VisualStudioVersion = 12.0.21005.1
MinimumVisualStudioVersion = 10.0.40219.1
Project("{FAE04EC0-301F-11D3-BF4B-00C04F79EFBC}") = "01.NumbersToN", "01.NumbersToN\01.NumbersToN.csproj", "{9BBB214F-42BB-4DE6-BFF3-63316961B21B}"
EndProject
Project("{FAE04EC0-301F-11D3-BF4B-00C04F79EFBC}") = "02.DivisibleByThreeAndSeven", "02.DivisibleByThreeAndSeven\02.DivisibleByThreeAndSeven.csproj", "{546C4043-0D1E-4746-A182-E7AC77042602}"
EndProject
Project("{FAE04EC0-301F-11D3-BF4B-00C04F79EFBC}") = "03.MinMaxAverage", "03.FindMinMaxSumAverage\03.MinMaxAverage.csproj", "{9D7EE91C-55FF-4A86-AF0F-844A1246062E}"
EndProject
Project("{FAE04EC0-301F-11D3-BF4B-00C04F79EFBC}") = "07.CalculateNByFormula", "07.CalculateNByFormula\07.CalculateNByFormula.csproj", "{2C0A6335-E4B7-432C-A4F3-411CD75554A5}"
EndProject
Project("{FAE04EC0-301F-11D3-BF4B-00C04F79EFBC}") = "04.PrintADeck", "04.PrintADeck\04.PrintADeck.csproj", "{D7169906-0C6C-4BEE-98C6-FC701C764378}"
EndProject
Project("{FAE04EC0-301F-11D3-BF4B-00C04F79EFBC}") = "05.Calculating", "05.Calculating\05.Calculating.csproj", "{7D2D6072-DDB0-4447-A0F8-BAF14EEF56DF}"
EndProject
Project("{FAE04EC0-301F-11D3-BF4B-00C04F79EFBC}") = "06.CalcNandK", "06.CalcNandK\06.CalcNandK.csproj", "{27324EF6-C5AE-4C07-B8F1-79C87671BE97}"
EndProject
Project("{FAE04EC0-301F-11D3-BF4B-00C04F79EFBC}") = "08.CatalanNumbers", "08.CatalanNumbers\08.CatalanNumbers.csproj", "{100B91FD-C7D6-45A8-BEDA-D126CB8EDCCD}"
EndProject
Project("{FAE04EC0-301F-11D3-BF4B-00C04F79EFBC}") = "09.MatrixOfNumbers", "09.MatrixOfNumbers\09.MatrixOfNumbers.csproj", "{4011CA5D-FB47-4C36-BD43-0F27982A0EE5}"
EndProject
Project("{FAE04EC0-301F-11D3-BF4B-00C04F79EFBC}") = "10.OddOrEvenProduct", "10.OddOrEvenProduct\10.OddOrEvenProduct.csproj", "{659FF7C6-DA12-4936-8D71-81A6D2B6BC6F}"
EndProject
Project("{FAE04EC0-301F-11D3-BF4B-00C04F79EFBC}") = "11.RandomNumbers", "11.RandomNumbers\11.RandomNumbers.csproj", "{D1FE7F13-8C5E-4269-AA94-8482F8757C33}"
EndProject
Project("{FAE04EC0-301F-11D3-BF4B-00C04F79EFBC}") = "13.BinaryToDecimal", "13.BinaryToDecimal\13.BinaryToDecimal.csproj", "{BA2C4E1C-2244-4DDF-8A15-04A61AEB8195}"
EndProject
Project("{FAE04EC0-301F-11D3-BF4B-00C04F79EFBC}") = "14.DecimalToBinary", "14.DecimalToBinary\14.DecimalToBinary.csproj", "{3E097845-8E35-431B-AACC-761ECFEF9F4D}"
EndProject
Project("{FAE04EC0-301F-11D3-BF4B-00C04F79EFBC}") = "15.HexadecimalToDecimal", "15.HexadecimalToDecimal\15.HexadecimalToDecimal.csproj", "{358F7D2A-B40C-4D2F-B6A0-6FCF070DD1C4}"
EndProject
Project("{FAE04EC0-301F-11D3-BF4B-00C04F79EFBC}") = "16.DecimalToHexadecimal", "16.DecimalToHexadecimal\16.DecimalToHexadecimal.csproj", "{E84D5A20-DF5B-4811-B53A-48AC58CC74B7}"
EndProject
Project("{FAE04EC0-301F-11D3-BF4B-00C04F79EFBC}") = "12.Randomize", "12.Randomize\12.Randomize.csproj", "{872B5C57-169E-4D9A-91BF-0A051F681188}"
EndProject
Project("{FAE04EC0-301F-11D3-BF4B-00C04F79EFBC}") = "17.CalculateGCD", "17.CalculateGCD\17.CalculateGCD.csproj", "{2F3E043F-B5FA-42ED-BA4D-DF31B90238C9}"
EndProject
Global
	GlobalSection(SolutionConfigurationPlatforms) = preSolution
		Debug|Any CPU = Debug|Any CPU
		Release|Any CPU = Release|Any CPU
	EndGlobalSection
	GlobalSection(ProjectConfigurationPlatforms) = postSolution
		{9BBB214F-42BB-4DE6-BFF3-63316961B21B}.Debug|Any CPU.ActiveCfg = Debug|Any CPU
		{9BBB214F-42BB-4DE6-BFF3-63316961B21B}.Debug|Any CPU.Build.0 = Debug|Any CPU
		{9BBB214F-42BB-4DE6-BFF3-63316961B21B}.Release|Any CPU.ActiveCfg = Release|Any CPU
		{9BBB214F-42BB-4DE6-BFF3-63316961B21B}.Release|Any CPU.Build.0 = Release|Any CPU
		{546C4043-0D1E-4746-A182-E7AC77042602}.Debug|Any CPU.ActiveCfg = Debug|Any CPU
		{546C4043-0D1E-4746-A182-E7AC77042602}.Debug|Any CPU.Build.0 = Debug|Any CPU
		{546C4043-0D1E-4746-A182-E7AC77042602}.Release|Any CPU.ActiveCfg = Release|Any CPU
		{546C4043-0D1E-4746-A182-E7AC77042602}.Release|Any CPU.Build.0 = Release|Any CPU
		{9D7EE91C-55FF-4A86-AF0F-844A1246062E}.Debug|Any CPU.ActiveCfg = Debug|Any CPU
		{9D7EE91C-55FF-4A86-AF0F-844A1246062E}.Debug|Any CPU.Build.0 = Debug|Any CPU
		{9D7EE91C-55FF-4A86-AF0F-844A1246062E}.Release|Any CPU.ActiveCfg = Release|Any CPU
		{9D7EE91C-55FF-4A86-AF0F-844A1246062E}.Release|Any CPU.Build.0 = Release|Any CPU
		{2C0A6335-E4B7-432C-A4F3-411CD75554A5}.Debug|Any CPU.ActiveCfg = Debug|Any CPU
		{2C0A6335-E4B7-432C-A4F3-411CD75554A5}.Debug|Any CPU.Build.0 = Debug|Any CPU
		{2C0A6335-E4B7-432C-A4F3-411CD75554A5}.Release|Any CPU.ActiveCfg = Release|Any CPU
		{2C0A6335-E4B7-432C-A4F3-411CD75554A5}.Release|Any CPU.Build.0 = Release|Any CPU
		{D7169906-0C6C-4BEE-98C6-FC701C764378}.Debug|Any CPU.ActiveCfg = Debug|Any CPU
		{D7169906-0C6C-4BEE-98C6-FC701C764378}.Debug|Any CPU.Build.0 = Debug|Any CPU
		{D7169906-0C6C-4BEE-98C6-FC701C764378}.Release|Any CPU.ActiveCfg = Release|Any CPU
		{D7169906-0C6C-4BEE-98C6-FC701C764378}.Release|Any CPU.Build.0 = Release|Any CPU
		{7D2D6072-DDB0-4447-A0F8-BAF14EEF56DF}.Debug|Any CPU.ActiveCfg = Debug|Any CPU
		{7D2D6072-DDB0-4447-A0F8-BAF14EEF56DF}.Debug|Any CPU.Build.0 = Debug|Any CPU
		{7D2D6072-DDB0-4447-A0F8-BAF14EEF56DF}.Release|Any CPU.ActiveCfg = Release|Any CPU
		{7D2D6072-DDB0-4447-A0F8-BAF14EEF56DF}.Release|Any CPU.Build.0 = Release|Any CPU
		{27324EF6-C5AE-4C07-B8F1-79C87671BE97}.Debug|Any CPU.ActiveCfg = Debug|Any CPU
		{27324EF6-C5AE-4C07-B8F1-79C87671BE97}.Debug|Any CPU.Build.0 = Debug|Any CPU
		{27324EF6-C5AE-4C07-B8F1-79C87671BE97}.Release|Any CPU.ActiveCfg = Release|Any CPU
		{27324EF6-C5AE-4C07-B8F1-79C87671BE97}.Release|Any CPU.Build.0 = Release|Any CPU
		{100B91FD-C7D6-45A8-BEDA-D126CB8EDCCD}.Debug|Any CPU.ActiveCfg = Debug|Any CPU
		{100B91FD-C7D6-45A8-BEDA-D126CB8EDCCD}.Debug|Any CPU.Build.0 = Debug|Any CPU
		{100B91FD-C7D6-45A8-BEDA-D126CB8EDCCD}.Release|Any CPU.ActiveCfg = Release|Any CPU
		{100B91FD-C7D6-45A8-BEDA-D126CB8EDCCD}.Release|Any CPU.Build.0 = Release|Any CPU
		{4011CA5D-FB47-4C36-BD43-0F27982A0EE5}.Debug|Any CPU.ActiveCfg = Debug|Any CPU
		{4011CA5D-FB47-4C36-BD43-0F27982A0EE5}.Debug|Any CPU.Build.0 = Debug|Any CPU
		{4011CA5D-FB47-4C36-BD43-0F27982A0EE5}.Release|Any CPU.ActiveCfg = Release|Any CPU
		{4011CA5D-FB47-4C36-BD43-0F27982A0EE5}.Release|Any CPU.Build.0 = Release|Any CPU
		{659FF7C6-DA12-4936-8D71-81A6D2B6BC6F}.Debug|Any CPU.ActiveCfg = Debug|Any CPU
		{659FF7C6-DA12-4936-8D71-81A6D2B6BC6F}.Debug|Any CPU.Build.0 = Debug|Any CPU
		{659FF7C6-DA12-4936-8D71-81A6D2B6BC6F}.Release|Any CPU.ActiveCfg = Release|Any CPU
		{659FF7C6-DA12-4936-8D71-81A6D2B6BC6F}.Release|Any CPU.Build.0 = Release|Any CPU
		{D1FE7F13-8C5E-4269-AA94-8482F8757C33}.Debug|Any CPU.ActiveCfg = Debug|Any CPU
		{D1FE7F13-8C5E-4269-AA94-8482F8757C33}.Debug|Any CPU.Build.0 = Debug|Any CPU
		{D1FE7F13-8C5E-4269-AA94-8482F8757C33}.Release|Any CPU.ActiveCfg = Release|Any CPU
		{D1FE7F13-8C5E-4269-AA94-8482F8757C33}.Release|Any CPU.Build.0 = Release|Any CPU
		{BA2C4E1C-2244-4DDF-8A15-04A61AEB8195}.Debug|Any CPU.ActiveCfg = Debug|Any CPU
		{BA2C4E1C-2244-4DDF-8A15-04A61AEB8195}.Debug|Any CPU.Build.0 = Debug|Any CPU
		{BA2C4E1C-2244-4DDF-8A15-04A61AEB8195}.Release|Any CPU.ActiveCfg = Release|Any CPU
		{BA2C4E1C-2244-4DDF-8A15-04A61AEB8195}.Release|Any CPU.Build.0 = Release|Any CPU
		{3E097845-8E35-431B-AACC-761ECFEF9F4D}.Debug|Any CPU.ActiveCfg = Debug|Any CPU
		{3E097845-8E35-431B-AACC-761ECFEF9F4D}.Debug|Any CPU.Build.0 = Debug|Any CPU
		{3E097845-8E35-431B-AACC-761ECFEF9F4D}.Release|Any CPU.ActiveCfg = Release|Any CPU
		{3E097845-8E35-431B-AACC-761ECFEF9F4D}.Release|Any CPU.Build.0 = Release|Any CPU
		{358F7D2A-B40C-4D2F-B6A0-6FCF070DD1C4}.Debug|Any CPU.ActiveCfg = Debug|Any CPU
		{358F7D2A-B40C-4D2F-B6A0-6FCF070DD1C4}.Debug|Any CPU.Build.0 = Debug|Any CPU
		{358F7D2A-B40C-4D2F-B6A0-6FCF070DD1C4}.Release|Any CPU.ActiveCfg = Release|Any CPU
		{358F7D2A-B40C-4D2F-B6A0-6FCF070DD1C4}.Release|Any CPU.Build.0 = Release|Any CPU
		{E84D5A20-DF5B-4811-B53A-48AC58CC74B7}.Debug|Any CPU.ActiveCfg = Debug|Any CPU
		{E84D5A20-DF5B-4811-B53A-48AC58CC74B7}.Debug|Any CPU.Build.0 = Debug|Any CPU
		{E84D5A20-DF5B-4811-B53A-48AC58CC74B7}.Release|Any CPU.ActiveCfg = Release|Any CPU
		{E84D5A20-DF5B-4811-B53A-48AC58CC74B7}.Release|Any CPU.Build.0 = Release|Any CPU
		{872B5C57-169E-4D9A-91BF-0A051F681188}.Debug|Any CPU.ActiveCfg = Debug|Any CPU
		{872B5C57-169E-4D9A-91BF-0A051F681188}.Debug|Any CPU.Build.0 = Debug|Any CPU
		{872B5C57-169E-4D9A-91BF-0A051F681188}.Release|Any CPU.ActiveCfg = Release|Any CPU
		{872B5C57-169E-4D9A-91BF-0A051F681188}.Release|Any CPU.Build.0 = Release|Any CPU
		{2F3E043F-B5FA-42ED-BA4D-DF31B90238C9}.Debug|Any CPU.ActiveCfg = Debug|Any CPU
		{2F3E043F-B5FA-42ED-BA4D-DF31B90238C9}.Debug|Any CPU.Build.0 = Debug|Any CPU
		{2F3E043F-B5FA-42ED-BA4D-DF31B90238C9}.Release|Any CPU.ActiveCfg = Release|Any CPU
		{2F3E043F-B5FA-42ED-BA4D-DF31B90238C9}.Release|Any CPU.Build.0 = Release|Any CPU
	EndGlobalSection
	GlobalSection(SolutionProperties) = preSolution
		HideSolutionNode = FALSE
	EndGlobalSection
EndGlobal
